{
  "name": "slash-tags",
  "version": "1.0.0",
  "lockfileVersion": 1,
  "requires": true,
  "dependencies": {
    "@cloudflare/workers-types": {
      "version": "2.1.0",
      "resolved": "https://registry.npmjs.org/@cloudflare/workers-types/-/workers-types-2.1.0.tgz",
      "integrity": "sha512-VmXaHTq0lt6Xre4aK1hUK25hjZjuEUkHtdUEt0FJamv+NzQO54Gwp6Zr5Cfu6SP5EQ/tTmTMP/tK9npA8zhcCg==",
      "dev": true
    },
    "tweetnacl": {
      "version": "1.0.3",
      "resolved": "https://registry.npmjs.org/tweetnacl/-/tweetnacl-1.0.3.tgz",
      "integrity": "sha512-6rt+RN7aOi1nGMyC4Xa5DdYiukl2UWCbcJft7YhxReBGQD7OAM8Pbxw6YMo4r2diNEA8FEmu32YOn9rhaiE5yw=="
    }
  }
}
